
Microsoft Visual Studio Solution File, Format Version 12.00
# Visual Studio Version 16
VisualStudioVersion = 16.0.29418.71
MinimumVisualStudioVersion = 10.0.40219.1
Project("{FAE04EC0-301F-11D3-BF4B-00C04F79EFBC}") = "Open-Lab-04.10", "Open-Lab-04.10.csproj", "{1D9B2B1B-041C-42FB-B51B-F0464B515095}"
EndProject
Global
	GlobalSection(SolutionConfigurationPlatforms) = preSolution
		Debug|Any CPU = Debug|Any CPU
		Release|Any CPU = Release|Any CPU
	EndGlobalSection
	GlobalSection(ProjectConfigurationPlatforms) = postSolution
		{1D9B2B1B-041C-42FB-B51B-F0464B515095}.Debug|Any CPU.ActiveCfg = Debug|Any CPU
		{1D9B2B1B-041C-42FB-B51B-F0464B515095}.Debug|Any CPU.Build.0 = Debug|Any CPU
		{1D9B2B1B-041C-42FB-B51B-F0464B515095}.Release|Any CPU.ActiveCfg = Release|Any CPU
		{1D9B2B1B-041C-42FB-B51B-F0464B515095}.Release|Any CPU.Build.0 = Release|Any CPU
	EndGlobalSection
	GlobalSection(SolutionProperties) = preSolution
		HideSolutionNode = FALSE
	EndGlobalSection
	GlobalSection(ExtensibilityGlobals) = postSolution
		SolutionGuid = {0EF13AF6-B090-4077-AB9B-E01E71F14873}
	EndGlobalSection
EndGlobal
